{
  "name": "sysinfo",
  "version": "1.0.0",
  "lockfileVersion": 1,
  "requires": true,
  "dependencies": {
    "@grapecity/wijmo": {
      "version": "5.20192.631",
      "resolved": "https://registry.npmjs.org/@grapecity/wijmo/-/wijmo-5.20192.631.tgz",
      "integrity": "sha512-CSjuwOUGD1zL+S0N/XXVRxm9Pqj91CQ2SD/oxR6H2xQAwnRvoo9qiZJVQu/yl+bVGdtS1G0rMnSGAWUPmJ90GA==",
      "requires": {
        "@grapecity/wijmo.styles": "5.20192.631"
      }
    },
    "@grapecity/wijmo.chart": {
      "version": "5.20192.631",
      "resolved": "https://registry.npmjs.org/@grapecity/wijmo.chart/-/wijmo.chart-5.20192.631.tgz",
      "integrity": "sha512-qZgMLWMb9FyiywDssUoqs+FrM/GGx5zhinxRHwQQTowJcTl4+hLFyqYjXYuY0tGOdFNMaZ13yF982Vdy9cZ8PA==",
      "requires": {
        "@grapecity/wijmo": "5.20192.631"
      }
    },
    "@grapecity/wijmo.chart.analytics": {
      "version": "5.20192.631",
      "resolved": "https://registry.npmjs.org/@grapecity/wijmo.chart.analytics/-/wijmo.chart.analytics-5.20192.631.tgz",
      "integrity": "sha512-weWAIE2c5B3znttM8whgmOOch+gxah/wHo/H5MD78nsKFiBG/oopsBzIfaaJWNnT2ckW/AT2WLiwwSo3qlloCA==",
      "requires": {
        "@grapecity/wijmo": "5.20192.631",
        "@grapecity/wijmo.chart": "5.20192.631"
      }
    },
    "@grapecity/wijmo.chart.animation": {
      "version": "5.20192.631",
      "resolved": "https://registry.npmjs.org/@grapecity/wijmo.chart.animation/-/wijmo.chart.animation-5.20192.631.tgz",
      "integrity": "sha512-kxMoOmXM4ClSVDMsqfw3SNhEEHqfU3DINxCj5oYgBbNQD/SOzraMCENPbA9nRe3ZrtpmLWDnflYOrbrp8c/FvQ==",
      "requires": {
        "@grapecity/wijmo": "5.20192.631",
        "@grapecity/wijmo.chart": "5.20192.631"
      }
    },
    "@grapecity/wijmo.chart.annotation": {
      "version": "5.20192.631",
      "resolved": "https://registry.npmjs.org/@grapecity/wijmo.chart.annotation/-/wijmo.chart.annotation-5.20192.631.tgz",
      "integrity": "sha512-7I03DivXf4AsPGNjPYF/tLRynInFz0oDHN/6aGrzfQIotfKSfIlXv9/3+RiBrIHUq4kLIRi4PBvGre23/seAfg==",
      "requires": {
        "@grapecity/wijmo": "5.20192.631",
        "@grapecity/wijmo.chart": "5.20192.631"
      }
    },
    "@grapecity/wijmo.chart.finance": {
      "version": "5.20192.631",
      "resolved": "https://registry.npmjs.org/@grapecity/wijmo.chart.finance/-/wijmo.chart.finance-5.20192.631.tgz",
      "integrity": "sha512-2YSdv4Sz29mjE3ZwrjOtP1mvv/+O9shi+8+VUpv1X9ntEf4o522+J4/JcFLG7TvJbykFGYQUvZ5FFMAojT2cOQ==",
      "requires": {
        "@grapecity/wijmo": "5.20192.631",
        "@grapecity/wijmo.chart": "5.20192.631"
      }
    },
    "@grapecity/wijmo.chart.finance.analytics": {
      "version": "5.20192.631",
      "resolved": "https://registry.npmjs.org/@grapecity/wijmo.chart.finance.analytics/-/wijmo.chart.finance.analytics-5.20192.631.tgz",
      "integrity": "sha512-f0dxQZHTDP/kNBbtuuALQmUkoCRIjvkpp1ArLzI5FcSDOdOnuN/2422sQH4o3Kfa+Kbz+6DTEseVQ2ZjN5Sy5g==",
      "requires": {
        "@grapecity/wijmo": "5.20192.631",
        "@grapecity/wijmo.chart": "5.20192.631",
        "@grapecity/wijmo.chart.finance": "5.20192.631"
      }
    },
    "@grapecity/wijmo.chart.hierarchical": {
      "version": "5.20192.631",
      "resolved": "https://registry.npmjs.org/@grapecity/wijmo.chart.hierarchical/-/wijmo.chart.hierarchical-5.20192.631.tgz",
      "integrity": "sha512-ZtTtSTgX7HWIrdhfnp/vFffEsVjyOHKzRcX5BZLKnb8i/l7NE6Fg3GSE6602xTU/Xe/9xCNkBgLZ7pKz+HflDA==",
      "requires": {
        "@grapecity/wijmo": "5.20192.631",
        "@grapecity/wijmo.chart": "5.20192.631"
      }
    },
    "@grapecity/wijmo.chart.interaction": {
      "version": "5.20192.631",
      "resolved": "https://registry.npmjs.org/@grapecity/wijmo.chart.interaction/-/wijmo.chart.interaction-5.20192.631.tgz",
      "integrity": "sha512-iSBmgrTWa5A+CAdCOd2V08eJU5mKmTaQW/4uCQxLGQSiIeWKyZbWxGUAAK2yIQkQMm2JoKMlCfARyTZXSZEJcg==",
      "requires": {
        "@grapecity/wijmo": "5.20192.631",
        "@grapecity/wijmo.chart": "5.20192.631"
      }
    },
    "@grapecity/wijmo.chart.radar": {
      "version": "5.20192.631",
      "resolved": "https://registry.npmjs.org/@grapecity/wijmo.chart.radar/-/wijmo.chart.radar-5.20192.631.tgz",
      "integrity": "sha512-/84Sxb6Q6H6pqwM9G9sU0gOW8S9UzhbazvMtuD9MCYGbb7yMD1vec/Uo25NrZYtXckBXnNLtMH81Uz0R8aJDIQ==",
      "requires": {
        "@grapecity/wijmo": "5.20192.631",
        "@grapecity/wijmo.chart": "5.20192.631"
      }
    },
    "@grapecity/wijmo.chart.render": {
      "version": "5.20192.631",
      "resolved": "https://registry.npmjs.org/@grapecity/wijmo.chart.render/-/wijmo.chart.render-5.20192.631.tgz",
      "integrity": "sha512-k1Pf44De4pXrWjCxRfC3ouy1ciTBGr9gifzFGnG5g0t2IMFqDVaVp7IpniiL/5hpQiz0eEakao05EoAGvz+KNA==",
      "requires": {
        "@grapecity/wijmo": "5.20192.631",
        "@grapecity/wijmo.chart": "5.20192.631"
      }
    },
    "@grapecity/wijmo.cultures": {
      "version": "5.20192.631",
      "resolved": "https://registry.npmjs.org/@grapecity/wijmo.cultures/-/wijmo.cultures-5.20192.631.tgz",
      "integrity": "sha512-BXop6T8ygiCMx0bkbaEsRUC4h2bkfwF/4pNLzJDZcEeIwaGJrLzJIY1PBCBLfyIFdEpfEmzviQsZnqBLeELqdw=="
    },
    "@grapecity/wijmo.gauge": {
      "version": "5.20192.631",
      "resolved": "https://registry.npmjs.org/@grapecity/wijmo.gauge/-/wijmo.gauge-5.20192.631.tgz",
      "integrity": "sha512-ziPYnU1GLImAyo+LYhEF6vD4M/DzI7lhYMK/HjVwQWbFvHjCxtE+yZlA1VwOvjlYJLvYIuDGFGhGq9fwPA+6vw==",
      "requires": {
        "@grapecity/wijmo": "5.20192.631"
      }
    },
    "@grapecity/wijmo.grid": {
      "version": "5.20192.631",
      "resolved": "https://registry.npmjs.org/@grapecity/wijmo.grid/-/wijmo.grid-5.20192.631.tgz",
      "integrity": "sha512-xZz5vGFChfbRUpOcGJOgSysttoGXvaZQGrhk91C7Xpm/+WIGra7H47CnTZhZV/LWD3VE4xy3UwnkuHS2tgJVHw==",
      "requires": {
        "@grapecity/wijmo": "5.20192.631",
        "@grapecity/wijmo.input": "5.20192.631"
      }
    },
    "@grapecity/wijmo.grid.detail": {
      "version": "5.20192.631",
      "resolved": "https://registry.npmjs.org/@grapecity/wijmo.grid.detail/-/wijmo.grid.detail-5.20192.631.tgz",
      "integrity": "sha512-LRWcBI3tptwJmdBOVSvD82FtszKlkMRYafRBZGGQedYz3hOVDRw77oNAZVC3b6StYiNsgeUXmNIMhX97cPYd1Q==",
      "requires": {
        "@grapecity/wijmo": "5.20192.631",
        "@grapecity/wijmo.grid": "5.20192.631",
        "@grapecity/wijmo.input": "5.20192.631"
      }
    },
    "@grapecity/wijmo.grid.filter": {
      "version": "5.20192.631",
      "resolved": "https://registry.npmjs.org/@grapecity/wijmo.grid.filter/-/wijmo.grid.filter-5.20192.631.tgz",
      "integrity": "sha512-WnnjUxkej1npu+xDvFgI6iFDtqjebOJOYBbLoCroJ0DitInqQD5wsu7DRXd8eXFMJC/ma4GXoh2SMsXomuMcKw==",
      "requires": {
        "@grapecity/wijmo": "5.20192.631",
        "@grapecity/wijmo.grid": "5.20192.631",
        "@grapecity/wijmo.input": "5.20192.631"
      }
    },
    "@grapecity/wijmo.grid.grouppanel": {
      "version": "5.20192.631",
      "resolved": "https://registry.npmjs.org/@grapecity/wijmo.grid.grouppanel/-/wijmo.grid.grouppanel-5.20192.631.tgz",
      "integrity": "sha512-AobLXf1lHuJOKJR+/po6hQBFBPbpKSWaEn6X4zEf8qkvu9dh9RkIJddsPxEbCGugACx0n1ucyWwaasABtNHCrA==",
      "requires": {
        "@grapecity/wijmo": "5.20192.631",
        "@grapecity/wijmo.grid": "5.20192.631",
        "@grapecity/wijmo.grid.filter": "5.20192.631",
        "@grapecity/wijmo.input": "5.20192.631"
      }
    },
    "@grapecity/wijmo.grid.multirow": {
      "version": "5.20192.631",
      "resolved": "https://registry.npmjs.org/@grapecity/wijmo.grid.multirow/-/wijmo.grid.multirow-5.20192.631.tgz",
      "integrity": "sha512-f6yTWIBVtMHzlPnr2AJJNZG69SDoG5fLMX55YGedc3ttbkBE1/x8m7CKJndLvHxbs0JBfS4noh2ZSCy12SUt0A==",
      "requires": {
        "@grapecity/wijmo": "5.20192.631",
        "@grapecity/wijmo.grid": "5.20192.631",
        "@grapecity/wijmo.input": "5.20192.631"
      }
    },
    "@grapecity/wijmo.grid.pdf": {
      "version": "5.20192.631",
      "resolved": "https://registry.npmjs.org/@grapecity/wijmo.grid.pdf/-/wijmo.grid.pdf-5.20192.631.tgz",
      "integrity": "sha512-igSOgaL/DW3wLJORMdRhx5ISAHqKwMzXqTAJPLPf/Xz3a5qyBxvvsP65DqdgFY+jYB4FI4NSvLdTXv4p2b4kQw==",
      "requires": {
        "@grapecity/wijmo": "5.20192.631",
        "@grapecity/wijmo.chart": "5.20192.631",
        "@grapecity/wijmo.grid": "5.20192.631",
        "@grapecity/wijmo.grid.detail": "5.20192.631",
        "@grapecity/wijmo.grid.filter": "5.20192.631",
        "@grapecity/wijmo.grid.multirow": "5.20192.631",
        "@grapecity/wijmo.grid.sheet": "5.20192.631",
        "@grapecity/wijmo.input": "5.20192.631",
        "@grapecity/wijmo.pdf": "5.20192.631",
        "@grapecity/wijmo.xlsx": "5.20192.631"
      }
    },
    "@grapecity/wijmo.grid.sheet": {
      "version": "5.20192.631",
      "resolved": "https://registry.npmjs.org/@grapecity/wijmo.grid.sheet/-/wijmo.grid.sheet-5.20192.631.tgz",
      "integrity": "sha512-KvMd9Sb3KAKHN2VF54+5o+FxT9Ue6q20rS9NELNd1xdXoCNM7ZDzXdnLD2VGl2AwZ4r+QoSpm4qkYT22v2fxwg==",
      "requires": {
        "@grapecity/wijmo": "5.20192.631",
        "@grapecity/wijmo.grid": "5.20192.631",
        "@grapecity/wijmo.grid.filter": "5.20192.631",
        "@grapecity/wijmo.input": "5.20192.631"
      }
    },
    "@grapecity/wijmo.grid.xlsx": {
      "version": "5.20192.631",
      "resolved": "https://registry.npmjs.org/@grapecity/wijmo.grid.xlsx/-/wijmo.grid.xlsx-5.20192.631.tgz",
      "integrity": "sha512-J4ZjnVh+T9aOLPNbHe1C2saBo0Z6vfT/jG3SLPfwcrUp3IJ2ciqlEOmvYEubTNkoVc0cJCG29Ennyg5sI7Mo0A==",
      "requires": {
        "@grapecity/wijmo": "5.20192.631",
        "@grapecity/wijmo.grid": "5.20192.631",
        "@grapecity/wijmo.grid.detail": "5.20192.631",
        "@grapecity/wijmo.grid.multirow": "5.20192.631",
        "@grapecity/wijmo.input": "5.20192.631",
        "@grapecity/wijmo.xlsx": "5.20192.631"
      }
    },
    "@grapecity/wijmo.input": {
      "version": "5.20192.631",
      "resolved": "https://registry.npmjs.org/@grapecity/wijmo.input/-/wijmo.input-5.20192.631.tgz",
      "integrity": "sha512-wmgO+DwnE79BEm2BZ3B5YbhDNm+DQ9i7/Ly8VjlT9relDuirIJReonmjsk/u2aGRTNNObmiIyLh5svK0FbtTkw==",
      "requires": {
        "@grapecity/wijmo": "5.20192.631"
      }
    },
    "@grapecity/wijmo.meta": {
      "version": "5.20192.631",
      "resolved": "https://registry.npmjs.org/@grapecity/wijmo.meta/-/wijmo.meta-5.20192.631.tgz",
      "integrity": "sha512-c2UBe00UHzMk4vPbVhZkjC9bJhrh2nwZi9y2XUrtgCuf6vAoaftj+NyRy9xwbAkjxq7ov00LVH7fx4Mj4k9JhQ==",
      "requires": {
        "@grapecity/wijmo": "5.20192.631",
        "@grapecity/wijmo.chart": "5.20192.631",
        "@grapecity/wijmo.chart.analytics": "5.20192.631",
        "@grapecity/wijmo.chart.animation": "5.20192.631",
        "@grapecity/wijmo.chart.annotation": "5.20192.631",
        "@grapecity/wijmo.chart.finance": "5.20192.631",
        "@grapecity/wijmo.chart.finance.analytics": "5.20192.631",
        "@grapecity/wijmo.chart.hierarchical": "5.20192.631",
        "@grapecity/wijmo.chart.interaction": "5.20192.631",
        "@grapecity/wijmo.chart.radar": "5.20192.631",
        "@grapecity/wijmo.chart.render": "5.20192.631",
        "@grapecity/wijmo.gauge": "5.20192.631",
        "@grapecity/wijmo.grid": "5.20192.631",
        "@grapecity/wijmo.grid.detail": "5.20192.631",
        "@grapecity/wijmo.grid.filter": "5.20192.631",
        "@grapecity/wijmo.grid.grouppanel": "5.20192.631",
        "@grapecity/wijmo.grid.multirow": "5.20192.631",
        "@grapecity/wijmo.grid.pdf": "5.20192.631",
        "@grapecity/wijmo.grid.sheet": "5.20192.631",
        "@grapecity/wijmo.grid.xlsx": "5.20192.631",
        "@grapecity/wijmo.input": "5.20192.631",
        "@grapecity/wijmo.nav": "5.20192.631",
        "@grapecity/wijmo.odata": "5.20192.631",
        "@grapecity/wijmo.olap": "5.20192.631",
        "@grapecity/wijmo.pdf": "5.20192.631",
        "@grapecity/wijmo.viewer": "5.20192.631",
        "@grapecity/wijmo.xlsx": "5.20192.631"
      }
    },
    "@grapecity/wijmo.nav": {
      "version": "5.20192.631",
      "resolved": "https://registry.npmjs.org/@grapecity/wijmo.nav/-/wijmo.nav-5.20192.631.tgz",
      "integrity": "sha512-0MrPmxdUXImduwhGbzQ6siv/Gor9cosyMOweRv6x+KsmCkWNtVL8n/wYwHHyaDAgBrxyEVYp7uX2/V/u1KKLkw==",
      "requires": {
        "@grapecity/wijmo": "5.20192.631"
      }
    },
    "@grapecity/wijmo.odata": {
      "version": "5.20192.631",
      "resolved": "https://registry.npmjs.org/@grapecity/wijmo.odata/-/wijmo.odata-5.20192.631.tgz",
      "integrity": "sha512-FzTfwddojKXpApFIydvnwMLxVV4H9TG7b8A+xIrdUoibMd6xhuwDPHiUvJvGg0G3ePxSKv2OMxURPDHkUPMYog==",
      "requires": {
        "@grapecity/wijmo": "5.20192.631",
        "@grapecity/wijmo.grid": "5.20192.631",
        "@grapecity/wijmo.grid.filter": "5.20192.631",
        "@grapecity/wijmo.input": "5.20192.631"
      }
    },
    "@grapecity/wijmo.olap": {
      "version": "5.20192.631",
      "resolved": "https://registry.npmjs.org/@grapecity/wijmo.olap/-/wijmo.olap-5.20192.631.tgz",
      "integrity": "sha512-pDsH4fi9D1K11KmUzppGZj08YQIQCnIOFqtnH9Pp7ie1gzNoNlTX4SI5dNvcnujhAkao0+dLp46x5KxIOjPbiA==",
      "requires": {
        "@grapecity/wijmo": "5.20192.631",
        "@grapecity/wijmo.chart": "5.20192.631",
        "@grapecity/wijmo.grid": "5.20192.631",
        "@grapecity/wijmo.grid.filter": "5.20192.631",
        "@grapecity/wijmo.input": "5.20192.631"
      }
    },
    "@grapecity/wijmo.pdf": {
      "version": "5.20192.631",
      "resolved": "https://registry.npmjs.org/@grapecity/wijmo.pdf/-/wijmo.pdf-5.20192.631.tgz",
      "integrity": "sha512-ApItxkYh96wbYm5OTPoURcjIU0R5ghNBaMsF8NoWkeYmIoUBmQAYMVPYM+x2BhjTnrA9XSMv3EFcrbVAsj6IHw==",
      "requires": {
        "@grapecity/wijmo": "5.20192.631"
      }
    },
    "@grapecity/wijmo.purejs.all": {
      "version": "5.20192.631",
      "resolved": "https://registry.npmjs.org/@grapecity/wijmo.purejs.all/-/wijmo.purejs.all-5.20192.631.tgz",
      "integrity": "sha512-Kf8a5LrGOUZwMgM4PV1crBc23TD/KjJBtGQmr4L/32+G2GvZ+0BfMowTvZf1vE0bf99KTIBTGZtGb34AwXKMLg==",
      "requires": {
        "@grapecity/wijmo": "5.20192.631",
        "@grapecity/wijmo.chart": "5.20192.631",
        "@grapecity/wijmo.chart.analytics": "5.20192.631",
        "@grapecity/wijmo.chart.animation": "5.20192.631",
        "@grapecity/wijmo.chart.annotation": "5.20192.631",
        "@grapecity/wijmo.chart.finance": "5.20192.631",
        "@grapecity/wijmo.chart.finance.analytics": "5.20192.631",
        "@grapecity/wijmo.chart.hierarchical": "5.20192.631",
        "@grapecity/wijmo.chart.interaction": "5.20192.631",
        "@grapecity/wijmo.chart.radar": "5.20192.631",
        "@grapecity/wijmo.chart.render": "5.20192.631",
        "@grapecity/wijmo.cultures": "5.20192.631",
        "@grapecity/wijmo.gauge": "5.20192.631",
        "@grapecity/wijmo.grid": "5.20192.631",
        "@grapecity/wijmo.grid.detail": "5.20192.631",
        "@grapecity/wijmo.grid.filter": "5.20192.631",
        "@grapecity/wijmo.grid.grouppanel": "5.20192.631",
        "@grapecity/wijmo.grid.multirow": "5.20192.631",
        "@grapecity/wijmo.grid.pdf": "5.20192.631",
        "@grapecity/wijmo.grid.sheet": "5.20192.631",
        "@grapecity/wijmo.grid.xlsx": "5.20192.631",
        "@grapecity/wijmo.input": "5.20192.631",
        "@grapecity/wijmo.meta": "5.20192.631",
        "@grapecity/wijmo.nav": "5.20192.631",
        "@grapecity/wijmo.odata": "5.20192.631",
        "@grapecity/wijmo.olap": "5.20192.631",
        "@grapecity/wijmo.pdf": "5.20192.631",
        "@grapecity/wijmo.styles": "5.20192.631",
        "@grapecity/wijmo.undo": "5.20192.631",
        "@grapecity/wijmo.viewer": "5.20192.631",
        "@grapecity/wijmo.xlsx": "5.20192.631"
      }
    },
    "@grapecity/wijmo.styles": {
      "version": "5.20192.631",
      "resolved": "https://registry.npmjs.org/@grapecity/wijmo.styles/-/wijmo.styles-5.20192.631.tgz",
      "integrity": "sha512-if21t8QjrwcCx3K/pto7kj+ciSuhtm1uJeEhV38QNUojiqrRAPzm8pHJk0wSFaS4R0jDbzLOwSXja3YC/IrcXg=="
    },
    "@grapecity/wijmo.undo": {
      "version": "5.20192.631",
      "resolved": "https://registry.npmjs.org/@grapecity/wijmo.undo/-/wijmo.undo-5.20192.631.tgz",
      "integrity": "sha512-z6gUXMbIxCHzixihvlgXLybpsRqoqJ7Z/HqSj6Ulj4kkop6wH9n1mdb2zd/WAENjw4kDoHlgFCMiVsW1JvEl7A==",
      "requires": {
        "@grapecity/wijmo": "5.20192.631",
        "@grapecity/wijmo.gauge": "5.20192.631",
        "@grapecity/wijmo.grid": "5.20192.631",
        "@grapecity/wijmo.input": "5.20192.631"
      }
    },
    "@grapecity/wijmo.viewer": {
      "version": "5.20192.631",
      "resolved": "https://registry.npmjs.org/@grapecity/wijmo.viewer/-/wijmo.viewer-5.20192.631.tgz",
      "integrity": "sha512-kJV54RVVAuzmcvZhHamhjVEbt58WUk64oUXhFX8SUiUKkv43IqPvtI5M6pndvtl8mrCT1Hj60igWyb2iopyUww==",
      "requires": {
        "@grapecity/wijmo": "5.20192.631",
        "@grapecity/wijmo.grid": "5.20192.631",
        "@grapecity/wijmo.input": "5.20192.631"
      }
    },
    "@grapecity/wijmo.xlsx": {
      "version": "5.20192.631",
      "resolved": "https://registry.npmjs.org/@grapecity/wijmo.xlsx/-/wijmo.xlsx-5.20192.631.tgz",
      "integrity": "sha512-b1aCuaMUEwwj4XL/xxu3I+b2oUgHnnCdtQNcog7bRIYQJyxaEsGutlDrPWbXLD09ojKiM+CaLayw8b7PX0p5Bw==",
      "requires": {
        "@grapecity/wijmo": "5.20192.631"
      }
    },
    "os-utils": {
      "version": "0.0.14",
      "resolved": "https://registry.npmjs.org/os-utils/-/os-utils-0.0.14.tgz",
      "integrity": "sha1-KeURaXsZgrjGJ3Ihdf45eX72QVY="
    }
  }
}
